{
  "name": "ctes-analysis",
  "version": "0.0.1",
  "lockfileVersion": 3,
  "requires": true,
  "packages": {
    "": {
      "name": "ctes-analysis",
      "version": "0.0.1",
      "license": "MIT",
      "dependencies": {
        "ctes-models-ts": "^0.1.0"
      }
    },
    "node_modules/@bufbuild/protobuf": {
      "version": "2.11.0",
      "resolved": "https://registry.npmjs.org/@bufbuild/protobuf/-/protobuf-2.11.0.tgz",
      "integrity": "sha512-sBXGT13cpmPR5BMgHE6UEEfEaShh5Ror6rfN3yEK5si7QVrtZg8LEPQb0VVhiLRUslD2yLnXtnRzG035J/mZXQ==",
      "license": "(Apache-2.0 AND BSD-3-Clause)"
    },
    "node_modules/ctes-models-ts": {
      "version": "0.1.0",
      "resolved": "https://registry.npmjs.org/ctes-models-ts/-/ctes-models-ts-0.1.0.tgz",
      "integrity": "sha512-sfCqTli7GM2c05K1ktxN/54rwHa/4Ubrm+NrepJLvfjqIfCEekHsUrw8WER7fOBt/S0zf+xPi47Ptv9BpzG+tQ==",
      "license": "MIT",
      "dependencies": {
        "@bufbuild/protobuf": "^2.10.2"
      }
    }
  }
}
